
Microsoft Visual Studio Solution File, Format Version 12.00
# Visual Studio Version 17
VisualStudioVersion = 17.8.34309.116
MinimumVisualStudioVersion = 10.0.40219.1
Project("{FAE04EC0-301F-11D3-BF4B-00C04F79EFBC}") = "TransactionApp", "TransactionApp\TransactionApp\TransactionApp.csproj", "{941EF11A-4BE7-46F4-BA9E-3629843292A3}"
EndProject
Project("{FAE04EC0-301F-11D3-BF4B-00C04F79EFBC}") = "TransactionApp.Client", "TransactionApp\TransactionApp.Client\TransactionApp.Client.csproj", "{939A898E-09DA-4FC8-859C-E7DD6125064C}"
EndProject
Global
	GlobalSection(SolutionConfigurationPlatforms) = preSolution
		Debug|Any CPU = Debug|Any CPU
		Release|Any CPU = Release|Any CPU
	EndGlobalSection
	GlobalSection(ProjectConfigurationPlatforms) = postSolution
		{941EF11A-4BE7-46F4-BA9E-3629843292A3}.Debug|Any CPU.ActiveCfg = Debug|Any CPU
		{941EF11A-4BE7-46F4-BA9E-3629843292A3}.Debug|Any CPU.Build.0 = Debug|Any CPU
		{941EF11A-4BE7-46F4-BA9E-3629843292A3}.Release|Any CPU.ActiveCfg = Release|Any CPU
		{941EF11A-4BE7-46F4-BA9E-3629843292A3}.Release|Any CPU.Build.0 = Release|Any CPU
		{939A898E-09DA-4FC8-859C-E7DD6125064C}.Debug|Any CPU.ActiveCfg = Debug|Any CPU
		{939A898E-09DA-4FC8-859C-E7DD6125064C}.Debug|Any CPU.Build.0 = Debug|Any CPU
		{939A898E-09DA-4FC8-859C-E7DD6125064C}.Release|Any CPU.ActiveCfg = Release|Any CPU
		{939A898E-09DA-4FC8-859C-E7DD6125064C}.Release|Any CPU.Build.0 = Release|Any CPU
	EndGlobalSection
	GlobalSection(SolutionProperties) = preSolution
		HideSolutionNode = FALSE
	EndGlobalSection
	GlobalSection(ExtensibilityGlobals) = postSolution
		SolutionGuid = {D297C055-BBD7-42EC-9606-D0447E47D197}
	EndGlobalSection
EndGlobal
